// !$*UTF8*$!
{
	archiveVersion = 1;
	classes = {
	};
	objectVersion = 46;
	objects = {

/* Begin PBXBuildFile section */
		0E01C49319BE194200444B07 /* Foundation.framework in Frameworks */ = {isa = PBXBuildFile; fileRef = 0E01C49219BE194200444B07 /* Foundation.framework */; };
		0E01C49519BE194200444B07 /* CoreGraphics.framework in Frameworks */ = {isa = PBXBuildFile; fileRef = 0E01C49419BE194200444B07 /* CoreGraphics.framework */; };
		0E01C49719BE194200444B07 /* UIKit.framework in Frameworks */ = {isa = PBXBuildFile; fileRef = 0E01C49619BE194200444B07 /* UIKit.framework */; };
		0E01C49D19BE194200444B07 /* InfoPlist.strings in Resources */ = {isa = PBXBuildFile; fileRef = 0E01C49B19BE194200444B07 /* InfoPlist.strings */; };
		0E01C49F19BE194200444B07 /* main.m in Sources */ = {isa = PBXBuildFile; fileRef = 0E01C49E19BE194200444B07 /* main.m */; };
		0E01C4A319BE194200444B07 /* AppDelegate.m in Sources */ = {isa = PBXBuildFile; fileRef = 0E01C4A219BE194200444B07 /* AppDelegate.m */; };
		0E01C4A519BE194200444B07 /* Images.xcassets in Resources */ = {isa = PBXBuildFile; fileRef = 0E01C4A419BE194200444B07 /* Images.xcassets */; };
		0E01C4AC19BE194200444B07 /* XCTest.framework in Frameworks */ = {isa = PBXBuildFile; fileRef = 0E01C4AB19BE194200444B07 /* XCTest.framework */; };
		0E01C4AD19BE194200444B07 /* Foundation.framework in Frameworks */ = {isa = PBXBuildFile; fileRef = 0E01C49219BE194200444B07 /* Foundation.framework */; };
		0E01C4AE19BE194200444B07 /* UIKit.framework in Frameworks */ = {isa = PBXBuildFile; fileRef = 0E01C49619BE194200444B07 /* UIKit.framework */; };
		0E01C4B619BE194300444B07 /* InfoPlist.strings in Resources */ = {isa = PBXBuildFile; fileRef = 0E01C4B419BE194300444B07 /* InfoPlist.strings */; };
		0E01C4B819BE194300444B07 /* MTGcardsTests.m in Sources */ = {isa = PBXBuildFile; fileRef = 0E01C4B719BE194300444B07 /* MTGcardsTests.m */; };
		0E01C4C919BE224B00444B07 /* MainViewController.m in Sources */ = {isa = PBXBuildFile; fileRef = 0E01C4C719BE224B00444B07 /* MainViewController.m */; };
		0E01C4CA19BE224B00444B07 /* MainViewController.xib in Resources */ = {isa = PBXBuildFile; fileRef = 0E01C4C819BE224B00444B07 /* MainViewController.xib */; };
		0E01C4CD19BE267B00444B07 /* TableViewController.m in Sources */ = {isa = PBXBuildFile; fileRef = 0E01C4CC19BE267B00444B07 /* TableViewController.m */; };
		0E01C4D019BE26A400444B07 /* NavViewController.m in Sources */ = {isa = PBXBuildFile; fileRef = 0E01C4CF19BE26A400444B07 /* NavViewController.m */; };
		0E01C53419BE84B100444B07 /* CellViewController.m in Sources */ = {isa = PBXBuildFile; fileRef = 0E01C53219BE84B100444B07 /* CellViewController.m */; };
		0E01C53519BE84B100444B07 /* CellViewController.xib in Resources */ = {isa = PBXBuildFile; fileRef = 0E01C53319BE84B100444B07 /* CellViewController.xib */; };
		0E9F3F2919C53503003715F4 /* magic_img.jpg in Resources */ = {isa = PBXBuildFile; fileRef = 0E9F3F2819C53503003715F4 /* magic_img.jpg */; };
		0E9F3F2D19C53CA3003715F4 /* fire.jpg in Resources */ = {isa = PBXBuildFile; fileRef = 0E9F3F2C19C53CA3003715F4 /* fire.jpg */; };
		1DBEFA3819C959D300721C5B /* dataInitializer.m in Sources */ = {isa = PBXBuildFile; fileRef = 1DBEFA3719C959D300721C5B /* dataInitializer.m */; };
		1DBEFA3B19C95D1A00721C5B /* Card.m in Sources */ = {isa = PBXBuildFile; fileRef = 1DBEFA3A19C95D1A00721C5B /* Card.m */; };
/* End PBXBuildFile section */

/* Begin PBXContainerItemProxy section */
		0E01C4AF19BE194200444B07 /* PBXContainerItemProxy */ = {
			isa = PBXContainerItemProxy;
			containerPortal = 0E01C48719BE194200444B07 /* Project object */;
			proxyType = 1;
			remoteGlobalIDString = 0E01C48E19BE194200444B07;
			remoteInfo = MTGcards;
		};
/* End PBXContainerItemProxy section */

/* Begin PBXFileReference section */
		0E01C48F19BE194200444B07 /* MTGcards.app */ = {isa = PBXFileReference; explicitFileType = wrapper.application; includeInIndex = 0; path = MTGcards.app; sourceTree = BUILT_PRODUCTS_DIR; };
		0E01C49219BE194200444B07 /* Foundation.framework */ = {isa = PBXFileReference; lastKnownFileType = wrapper.framework; name = Foundation.framework; path = System/Library/Frameworks/Foundation.framework; sourceTree = SDKROOT; };
		0E01C49419BE194200444B07 /* CoreGraphics.framework */ = {isa = PBXFileReference; lastKnownFileType = wrapper.framework; name = CoreGraphics.framework; path = System/Library/Frameworks/CoreGraphics.framework; sourceTree = SDKROOT; };
		0E01C49619BE194200444B07 /* UIKit.framework */ = {isa = PBXFileReference; lastKnownFileType = wrapper.framework; name = UIKit.framework; path = System/Library/Frameworks/UIKit.framework; sourceTree = SDKROOT; };
		0E01C49A19BE194200444B07 /* MTGcards-Info.plist */ = {isa = PBXFileReference; lastKnownFileType = text.plist.xml; path = "MTGcards-Info.plist"; sourceTree = "<group>"; };
		0E01C49C19BE194200444B07 /* en */ = {isa = PBXFileReference; lastKnownFileType = text.plist.strings; name = en; path = en.lproj/InfoPlist.strings; sourceTree = "<group>"; };
		0E01C49E19BE194200444B07 /* main.m */ = {isa = PBXFileReference; lastKnownFileType = sourcecode.c.objc; path = main.m; sourceTree = "<group>"; };
		0E01C4A019BE194200444B07 /* MTGcards-Prefix.pch */ = {isa = PBXFileReference; lastKnownFileType = sourcecode.c.h; path = "MTGcards-Prefix.pch"; sourceTree = "<group>"; };
		0E01C4A119BE194200444B07 /* AppDelegate.h */ = {isa = PBXFileReference; lastKnownFileType = sourcecode.c.h; path = AppDelegate.h; sourceTree = "<group>"; };
		0E01C4A219BE194200444B07 /* AppDelegate.m */ = {isa = PBXFileReference; lastKnownFileType = sourcecode.c.objc; path = AppDelegate.m; sourceTree = "<group>"; };
		0E01C4A419BE194200444B07 /* Images.xcassets */ = {isa = PBXFileReference; lastKnownFileType = folder.assetcatalog; path = Images.xcassets; sourceTree = "<group>"; };
		0E01C4AA19BE194200444B07 /* MTGcardsTests.xctest */ = {isa = PBXFileReference; explicitFileType = wrapper.cfbundle; includeInIndex = 0; path = MTGcardsTests.xctest; sourceTree = BUILT_PRODUCTS_DIR; };
		0E01C4AB19BE194200444B07 /* XCTest.framework */ = {isa = PBXFileReference; lastKnownFileType = wrapper.framework; name = XCTest.framework; path = Library/Frameworks/XCTest.framework; sourceTree = DEVELOPER_DIR; };
		0E01C4B319BE194300444B07 /* MTGcardsTests-Info.plist */ = {isa = PBXFileReference; lastKnownFileType = text.plist.xml; path = "MTGcardsTests-Info.plist"; sourceTree = "<group>"; };
		0E01C4B519BE194300444B07 /* en */ = {isa = PBXFileReference; lastKnownFileType = text.plist.strings; name = en; path = en.lproj/InfoPlist.strings; sourceTree = "<group>"; };
		0E01C4B719BE194300444B07 /* MTGcardsTests.m */ = {isa = PBXFileReference; lastKnownFileType = sourcecode.c.objc; path = MTGcardsTests.m; sourceTree = "<group>"; };
		0E01C4C619BE224B00444B07 /* MainViewController.h */ = {isa = PBXFileReference; fileEncoding = 4; lastKnownFileType = sourcecode.c.h; path = MainViewController.h; sourceTree = "<group>"; };
		0E01C4C719BE224B00444B07 /* MainViewController.m */ = {isa = PBXFileReference; fileEncoding = 4; lastKnownFileType = sourcecode.c.objc; path = MainViewController.m; sourceTree = "<group>"; };
		0E01C4C819BE224B00444B07 /* MainViewController.xib */ = {isa = PBXFileReference; fileEncoding = 4; lastKnownFileType = file.xib; path = MainViewController.xib; sourceTree = "<group>"; };
		0E01C4CB19BE267B00444B07 /* TableViewController.h */ = {isa = PBXFileReference; fileEncoding = 4; lastKnownFileType = sourcecode.c.h; path = TableViewController.h; sourceTree = "<group>"; };
		0E01C4CC19BE267B00444B07 /* TableViewController.m */ = {isa = PBXFileReference; fileEncoding = 4; lastKnownFileType = sourcecode.c.objc; path = TableViewController.m; sourceTree = "<group>"; };
		0E01C4CE19BE26A400444B07 /* NavViewController.h */ = {isa = PBXFileReference; fileEncoding = 4; lastKnownFileType = sourcecode.c.h; path = NavViewController.h; sourceTree = "<group>"; };
		0E01C4CF19BE26A400444B07 /* NavViewController.m */ = {isa = PBXFileReference; fileEncoding = 4; lastKnownFileType = sourcecode.c.objc; path = NavViewController.m; sourceTree = "<group>"; };
		0E01C53119BE84B100444B07 /* CellViewController.h */ = {isa = PBXFileReference; fileEncoding = 4; lastKnownFileType = sourcecode.c.h; path = CellViewController.h; sourceTree = "<group>"; };
		0E01C53219BE84B100444B07 /* CellViewController.m */ = {isa = PBXFileReference; fileEncoding = 4; lastKnownFileType = sourcecode.c.objc; path = CellViewController.m; sourceTree = "<group>"; };
		0E01C53319BE84B100444B07 /* CellViewController.xib */ = {isa = PBXFileReference; fileEncoding = 4; lastKnownFileType = file.xib; path = CellViewController.xib; sourceTree = "<group>"; };
		0E9F3F2819C53503003715F4 /* magic_img.jpg */ = {isa = PBXFileReference; lastKnownFileType = image.jpeg; path = magic_img.jpg; sourceTree = "<group>"; };
		0E9F3F2C19C53CA3003715F4 /* fire.jpg */ = {isa = PBXFileReference; lastKnownFileType = image.jpeg; path = fire.jpg; sourceTree = "<group>"; };
		1DBEFA3619C959D300721C5B /* dataInitializer.h */ = {isa = PBXFileReference; fileEncoding = 4; lastKnownFileType = sourcecode.c.h; path = dataInitializer.h; sourceTree = "<group>"; };
		1DBEFA3719C959D300721C5B /* dataInitializer.m */ = {isa = PBXFileReference; fileEncoding = 4; lastKnownFileType = sourcecode.c.objc; path = dataInitializer.m; sourceTree = "<group>"; };
		1DBEFA3919C95D1A00721C5B /* Card.h */ = {isa = PBXFileReference; fileEncoding = 4; lastKnownFileType = sourcecode.c.h; path = Card.h; sourceTree = "<group>"; };
		1DBEFA3A19C95D1A00721C5B /* Card.m */ = {isa = PBXFileReference; fileEncoding = 4; lastKnownFileType = sourcecode.c.objc; path = Card.m; sourceTree = "<group>"; };
/* End PBXFileReference section */

/* Begin PBXFrameworksBuildPhase section */
		0E01C48C19BE194200444B07 /* Frameworks */ = {
			isa = PBXFrameworksBuildPhase;
			buildActionMask = 2147483647;
			files = (
				0E01C49519BE194200444B07 /* CoreGraphics.framework in Frameworks */,
				0E01C49719BE194200444B07 /* UIKit.framework in Frameworks */,
				0E01C49319BE194200444B07 /* Foundation.framework in Frameworks */,
			);
			runOnlyForDeploymentPostprocessing = 0;
		};
		0E01C4A719BE194200444B07 /* Frameworks */ = {
			isa = PBXFrameworksBuildPhase;
			buildActionMask = 2147483647;
			files = (
				0E01C4AC19BE194200444B07 /* XCTest.framework in Frameworks */,
				0E01C4AE19BE194200444B07 /* UIKit.framework in Frameworks */,
				0E01C4AD19BE194200444B07 /* Foundation.framework in Frameworks */,
			);
			runOnlyForDeploymentPostprocessing = 0;
		};
/* End PBXFrameworksBuildPhase section */

/* Begin PBXGroup section */
		0E01C48619BE194200444B07 = {
			isa = PBXGroup;
			children = (
				0E01C49819BE194200444B07 /* MTGcards */,
				0E01C4B119BE194200444B07 /* MTGcardsTests */,
				0E01C49119BE194200444B07 /* Frameworks */,
				0E01C49019BE194200444B07 /* Products */,
			);
			sourceTree = "<group>";
		};
		0E01C49019BE194200444B07 /* Products */ = {
			isa = PBXGroup;
			children = (
				0E01C48F19BE194200444B07 /* MTGcards.app */,
				0E01C4AA19BE194200444B07 /* MTGcardsTests.xctest */,
			);
			name = Products;
			sourceTree = "<group>";
		};
		0E01C49119BE194200444B07 /* Frameworks */ = {
			isa = PBXGroup;
			children = (
				0E01C49219BE194200444B07 /* Foundation.framework */,
				0E01C49419BE194200444B07 /* CoreGraphics.framework */,
				0E01C49619BE194200444B07 /* UIKit.framework */,
				0E01C4AB19BE194200444B07 /* XCTest.framework */,
			);
			name = Frameworks;
			sourceTree = "<group>";
		};
		0E01C49819BE194200444B07 /* MTGcards */ = {
			isa = PBXGroup;
			children = (
				0E9F3F2C19C53CA3003715F4 /* fire.jpg */,
				0E9F3F2819C53503003715F4 /* magic_img.jpg */,
				0E01C4A119BE194200444B07 /* AppDelegate.h */,
				0E01C4A219BE194200444B07 /* AppDelegate.m */,
				0E01C4A419BE194200444B07 /* Images.xcassets */,
				0E01C49919BE194200444B07 /* Supporting Files */,
				1DBEFA3D19C97CD700721C5B /* Views */,
				1DBEFA3F19C97D1E00721C5B /* Services */,
				1DBEFA4019C97D3700721C5B /* Models */,
			);
			path = MTGcards;
			sourceTree = "<group>";
		};
		0E01C49919BE194200444B07 /* Supporting Files */ = {
			isa = PBXGroup;
			children = (
				0E01C49A19BE194200444B07 /* MTGcards-Info.plist */,
				0E01C49B19BE194200444B07 /* InfoPlist.strings */,
				0E01C49E19BE194200444B07 /* main.m */,
				0E01C4A019BE194200444B07 /* MTGcards-Prefix.pch */,
			);
			name = "Supporting Files";
			sourceTree = "<group>";
		};
		0E01C4B119BE194200444B07 /* MTGcardsTests */ = {
			isa = PBXGroup;
			children = (
				0E01C4B719BE194300444B07 /* MTGcardsTests.m */,
				0E01C4B219BE194200444B07 /* Supporting Files */,
			);
			path = MTGcardsTests;
			sourceTree = "<group>";
		};
		0E01C4B219BE194200444B07 /* Supporting Files */ = {
			isa = PBXGroup;
			children = (
				0E01C4B319BE194300444B07 /* MTGcardsTests-Info.plist */,
				0E01C4B419BE194300444B07 /* InfoPlist.strings */,
			);
			name = "Supporting Files";
			sourceTree = "<group>";
		};
		1DBEFA3C19C97CBA00721C5B /* Cell */ = {
			isa = PBXGroup;
			children = (
				0E01C53119BE84B100444B07 /* CellViewController.h */,
				0E01C53219BE84B100444B07 /* CellViewController.m */,
				0E01C53319BE84B100444B07 /* CellViewController.xib */,
			);
			name = Cell;
			sourceTree = "<group>";
		};
		1DBEFA3D19C97CD700721C5B /* Views */ = {
			isa = PBXGroup;
			children = (
				1DBEFA3E19C97CEE00721C5B /* Main */,
				0E01C4CE19BE26A400444B07 /* NavViewController.h */,
				0E01C4CF19BE26A400444B07 /* NavViewController.m */,
				0E01C4CC19BE267B00444B07 /* TableViewController.m */,
				0E01C4CB19BE267B00444B07 /* TableViewController.h */,
				1DBEFA3C19C97CBA00721C5B /* Cell */,
			);
			name = Views;
			sourceTree = "<group>";
		};
		1DBEFA3E19C97CEE00721C5B /* Main */ = {
			isa = PBXGroup;
			children = (
				0E01C4C619BE224B00444B07 /* MainViewController.h */,
				0E01C4C719BE224B00444B07 /* MainViewController.m */,
				0E01C4C819BE224B00444B07 /* MainViewController.xib */,
			);
			name = Main;
			sourceTree = "<group>";
		};
		1DBEFA3F19C97D1E00721C5B /* Services */ = {
			isa = PBXGroup;
			children = (
				1DBEFA3619C959D300721C5B /* dataInitializer.h */,
				1DBEFA3719C959D300721C5B /* dataInitializer.m */,
			);
			name = Services;
			sourceTree = "<group>";
		};
		1DBEFA4019C97D3700721C5B /* Models */ = {
			isa = PBXGroup;
			children = (
				1DBEFA3919C95D1A00721C5B /* Card.h */,
				1DBEFA3A19C95D1A00721C5B /* Card.m */,
			);
			name = Models;
			sourceTree = "<group>";
		};
/* End PBXGroup section */

/* Begin PBXNativeTarget section */
		0E01C48E19BE194200444B07 /* MTGcards */ = {
			isa = PBXNativeTarget;
			buildConfigurationList = 0E01C4BB19BE194300444B07 /* Build configuration list for PBXNativeTarget "MTGcards" */;
			buildPhases = (
				0E01C48B19BE194200444B07 /* Sources */,
				0E01C48C19BE194200444B07 /* Frameworks */,
				0E01C48D19BE194200444B07 /* Resources */,
			);
			buildRules = (
			);
			dependencies = (
			);
			name = MTGcards;
			productName = MTGcards;
			productReference = 0E01C48F19BE194200444B07 /* MTGcards.app */;
			productType = "com.apple.product-type.application";
		};
		0E01C4A919BE194200444B07 /* MTGcardsTests */ = {
			isa = PBXNativeTarget;
			buildConfigurationList = 0E01C4BE19BE194300444B07 /* Build configuration list for PBXNativeTarget "MTGcardsTests" */;
			buildPhases = (
				0E01C4A619BE194200444B07 /* Sources */,
				0E01C4A719BE194200444B07 /* Frameworks */,
				0E01C4A819BE194200444B07 /* Resources */,
			);
			buildRules = (
			);
			dependencies = (
				0E01C4B019BE194200444B07 /* PBXTargetDependency */,
			);
			name = MTGcardsTests;
			productName = MTGcardsTests;
			productReference = 0E01C4AA19BE194200444B07 /* MTGcardsTests.xctest */;
			productType = "com.apple.product-type.bundle.unit-test";
		};
/* End PBXNativeTarget section */

/* Begin PBXProject section */
		0E01C48719BE194200444B07 /* Project object */ = {
			isa = PBXProject;
			attributes = {
				LastUpgradeCheck = 0510;
				ORGANIZATIONNAME = "CONNOR TINSLEY";
				TargetAttributes = {
					0E01C4A919BE194200444B07 = {
						TestTargetID = 0E01C48E19BE194200444B07;
					};
				};
			};
			buildConfigurationList = 0E01C48A19BE194200444B07 /* Build configuration list for PBXProject "MTGcards" */;
			compatibilityVersion = "Xcode 3.2";
			developmentRegion = English;
			hasScannedForEncodings = 0;
			knownRegions = (
				en,
			);
			mainGroup = 0E01C48619BE194200444B07;
			productRefGroup = 0E01C49019BE194200444B07 /* Products */;
			projectDirPath = "";
			projectRoot = "";
			targets = (
				0E01C48E19BE194200444B07 /* MTGcards */,
				0E01C4A919BE194200444B07 /* MTGcardsTests */,
			);
		};
/* End PBXProject section */

/* Begin PBXResourcesBuildPhase section */
		0E01C48D19BE194200444B07 /* Resources */ = {
			isa = PBXResourcesBuildPhase;
			buildActionMask = 2147483647;
			files = (
				0E01C49D19BE194200444B07 /* InfoPlist.strings in Resources */,
				0E9F3F2D19C53CA3003715F4 /* fire.jpg in Resources */,
				0E01C4CA19BE224B00444B07 /* MainViewController.xib in Resources */,
				0E9F3F2919C53503003715F4 /* magic_img.jpg in Resources */,
				0E01C53519BE84B100444B07 /* CellViewController.xib in Resources */,
				0E01C4A519BE194200444B07 /* Images.xcassets in Resources */,
			);
			runOnlyForDeploymentPostprocessing = 0;
		};
		0E01C4A819BE194200444B07 /* Resources */ = {
			isa = PBXResourcesBuildPhase;
			buildActionMask = 2147483647;
			files = (
				0E01C4B619BE194300444B07 /* InfoPlist.strings in Resources */,
			);
			runOnlyForDeploymentPostprocessing = 0;
		};
/* End PBXResourcesBuildPhase section */

/* Begin PBXSourcesBuildPhase section */
		0E01C48B19BE194200444B07 /* Sources */ = {
			isa = PBXSourcesBuildPhase;
			buildActionMask = 2147483647;
			files = (
				0E01C4A319BE194200444B07 /* AppDelegate.m in Sources */,
				0E01C4C919BE224B00444B07 /* MainViewController.m in Sources */,
				1DBEFA3819C959D300721C5B /* dataInitializer.m in Sources */,
				0E01C53419BE84B100444B07 /* CellViewController.m in Sources */,
				0E01C49F19BE194200444B07 /* main.m in Sources */,
				1DBEFA3B19C95D1A00721C5B /* Card.m in Sources */,
				0E01C4CD19BE267B00444B07 /* TableViewController.m in Sources */,
				0E01C4D019BE26A400444B07 /* NavViewController.m in Sources */,
			);
			runOnlyForDeploymentPostprocessing = 0;
		};
		0E01C4A619BE194200444B07 /* Sources */ = {
			isa = PBXSourcesBuildPhase;
			buildActionMask = 2147483647;
			files = (
				0E01C4B819BE194300444B07 /* MTGcardsTests.m in Sources */,
			);
			runOnlyForDeploymentPostprocessing = 0;
		};
/* End PBXSourcesBuildPhase section */

/* Begin PBXTargetDependency section */
		0E01C4B019BE194200444B07 /* PBXTargetDependency */ = {
			isa = PBXTargetDependency;
			target = 0E01C48E19BE194200444B07 /* MTGcards */;
			targetProxy = 0E01C4AF19BE194200444B07 /* PBXContainerItemProxy */;
		};
/* End PBXTargetDependency section */

/* Begin PBXVariantGroup section */
		0E01C49B19BE194200444B07 /* InfoPlist.strings */ = {
			isa = PBXVariantGroup;
			children = (
				0E01C49C19BE194200444B07 /* en */,
			);
			name = InfoPlist.strings;
			sourceTree = "<group>";
		};
		0E01C4B419BE194300444B07 /* InfoPlist.strings */ = {
			isa = PBXVariantGroup;
			children = (
				0E01C4B519BE194300444B07 /* en */,
			);
			name = InfoPlist.strings;
			sourceTree = "<group>";
		};
/* End PBXVariantGroup section */

/* Begin XCBuildConfiguration section */
		0E01C4B919BE194300444B07 /* Debug */ = {
			isa = XCBuildConfiguration;
			buildSettings = {
				ALWAYS_SEARCH_USER_PATHS = NO;
				CLANG_CXX_LANGUAGE_STANDARD = "gnu++0x";
				CLANG_CXX_LIBRARY = "libc++";
				CLANG_ENABLE_MODULES = YES;
				CLANG_ENABLE_OBJC_ARC = NO;
				CLANG_WARN_BOOL_CONVERSION = YES;
				CLANG_WARN_CONSTANT_CONVERSION = YES;
				CLANG_WARN_DIRECT_OBJC_ISA_USAGE = YES_ERROR;
				CLANG_WARN_EMPTY_BODY = YES;
				CLANG_WARN_ENUM_CONVERSION = YES;
				CLANG_WARN_INT_CONVERSION = YES;
				CLANG_WARN_OBJC_ROOT_CLASS = YES_ERROR;
				CLANG_WARN__DUPLICATE_METHOD_MATCH = YES;
				"CODE_SIGN_IDENTITY[sdk=iphoneos*]" = "iPhone Developer";
				COPY_PHASE_STRIP = NO;
				GCC_C_LANGUAGE_STANDARD = gnu99;
				GCC_DYNAMIC_NO_PIC = NO;
				GCC_OPTIMIZATION_LEVEL = 0;
				GCC_PREPROCESSOR_DEFINITIONS = (
					"DEBUG=1",
					"$(inherited)",
				);
				GCC_SYMBOLS_PRIVATE_EXTERN = NO;
				GCC_WARN_64_TO_32_BIT_CONVERSION = YES;
				GCC_WARN_ABOUT_RETURN_TYPE = YES_ERROR;
				GCC_WARN_UNDECLARED_SELECTOR = YES;
				GCC_WARN_UNINITIALIZED_AUTOS = YES_AGGRESSIVE;
				GCC_WARN_UNUSED_FUNCTION = YES;
				GCC_WARN_UNUSED_VARIABLE = YES;
				IPHONEOS_DEPLOYMENT_TARGET = 7.1;
				ONLY_ACTIVE_ARCH = YES;
				SDKROOT = iphoneos;
			};
			name = Debug;
		};
		0E01C4BA19BE194300444B07 /* Release */ = {
			isa = XCBuildConfiguration;
			buildSettings = {
				ALWAYS_SEARCH_USER_PATHS = NO;
				CLANG_CXX_LANGUAGE_STANDARD = "gnu++0x";
				CLANG_CXX_LIBRARY = "libc++";
				CLANG_ENABLE_MODULES = YES;
				CLANG_ENABLE_OBJC_ARC = NO;
				CLANG_WARN_BOOL_CONVERSION = YES;
				CLANG_WARN_CONSTANT_CONVERSION = YES;
				CLANG_WARN_DIRECT_OBJC_ISA_USAGE = YES_ERROR;
				CLANG_WARN_EMPTY_BODY = YES;
				CLANG_WARN_ENUM_CONVERSION = YES;
				CLANG_WARN_INT_CONVERSION = YES;
				CLANG_WARN_OBJC_ROOT_CLASS = YES_ERROR;
				CLANG_WARN__DUPLICATE_METHOD_MATCH = YES;
				"CODE_SIGN_IDENTITY[sdk=iphoneos*]" = "iPhone Developer";
				COPY_PHASE_STRIP = YES;
				ENABLE_NS_ASSERTIONS = NO;
				GCC_C_LANGUAGE_STANDARD = gnu99;
				GCC_WARN_64_TO_32_BIT_CONVERSION = YES;
				GCC_WARN_ABOUT_RETURN_TYPE = YES_ERROR;
				GCC_WARN_UNDECLARED_SELECTOR = YES;
				GCC_WARN_UNINITIALIZED_AUTOS = YES_AGGRESSIVE;
				GCC_WARN_UNUSED_FUNCTION = YES;
				GCC_WARN_UNUSED_VARIABLE = YES;
				IPHONEOS_DEPLOYMENT_TARGET = 7.1;
				SDKROOT = iphoneos;
				VALIDATE_PRODUCT = YES;
			};
			name = Release;
		};
		0E01C4BC19BE194300444B07 /* Debug */ = {
			isa = XCBuildConfiguration;
			buildSettings = {
				ASSETCATALOG_COMPILER_APPICON_NAME = AppIcon;
				ASSETCATALOG_COMPILER_LAUNCHIMAGE_NAME = LaunchImage;
				GCC_PRECOMPILE_PREFIX_HEADER = YES;
				GCC_PREFIX_HEADER = "MTGcards/MTGcards-Prefix.pch";
				INFOPLIST_FILE = "MTGcards/MTGcards-Info.plist";
				PRODUCT_NAME = "$(TARGET_NAME)";
				WRAPPER_EXTENSION = app;
			};
			name = Debug;
		};
		0E01C4BD19BE194300444B07 /* Release */ = {
			isa = XCBuildConfiguration;
			buildSettings = {
				ASSETCATALOG_COMPILER_APPICON_NAME = AppIcon;
				ASSETCATALOG_COMPILER_LAUNCHIMAGE_NAME = LaunchImage;
				GCC_PRECOMPILE_PREFIX_HEADER = YES;
				GCC_PREFIX_HEADER = "MTGcards/MTGcards-Prefix.pch";
				INFOPLIST_FILE = "MTGcards/MTGcards-Info.plist";
				PRODUCT_NAME = "$(TARGET_NAME)";
				WRAPPER_EXTENSION = app;
			};
			name = Release;
		};
		0E01C4BF19BE194300444B07 /* Debug */ = {
			isa = XCBuildConfiguration;
			buildSettings = {
				BUNDLE_LOADER = "$(BUILT_PRODUCTS_DIR)/MTGcards.app/MTGcards";
				FRAMEWORK_SEARCH_PATHS = (
					"$(SDKROOT)/Developer/Library/Frameworks",
					"$(inherited)",
					"$(DEVELOPER_FRAMEWORKS_DIR)",
				);
				GCC_PRECOMPILE_PREFIX_HEADER = YES;
				GCC_PREFIX_HEADER = "MTGcards/MTGcards-Prefix.pch";
				GCC_PREPROCESSOR_DEFINITIONS = (
					"DEBUG=1",
					"$(inherited)",
				);
				INFOPLIST_FILE = "MTGcardsTests/MTGcardsTests-Info.plist";
				PRODUCT_NAME = "$(TARGET_NAME)";
				TEST_HOST = "$(BUNDLE_LOADER)";
				WRAPPER_EXTENSION = xctest;
			};
			name = Debug;
		};
		0E01C4C019BE194300444B07 /* Release */ = {
			isa = XCBuildConfiguration;
			buildSettings = {
				BUNDLE_LOADER = "$(BUILT_PRODUCTS_DIR)/MTGcards.app/MTGcards";
				FRAMEWORK_SEARCH_PATHS = (
					"$(SDKROOT)/Developer/Library/Frameworks",
					"$(inherited)",
					"$(DEVELOPER_FRAMEWORKS_DIR)",
				);
				GCC_PRECOMPILE_PREFIX_HEADER = YES;
				GCC_PREFIX_HEADER = "MTGcards/MTGcards-Prefix.pch";
				INFOPLIST_FILE = "MTGcardsTests/MTGcardsTests-Info.plist";
				PRODUCT_NAME = "$(TARGET_NAME)";
				TEST_HOST = "$(BUNDLE_LOADER)";
				WRAPPER_EXTENSION = xctest;
			};
			name = Release;
		};
/* End XCBuildConfiguration section */

/* Begin XCConfigurationList section */
		0E01C48A19BE194200444B07 /* Build configuration list for PBXProject "MTGcards" */ = {
			isa = XCConfigurationList;
			buildConfigurations = (
				0E01C4B919BE194300444B07 /* Debug */,
				0E01C4BA19BE194300444B07 /* Release */,
			);
			defaultConfigurationIsVisible = 0;
			defaultConfigurationName = Release;
		};
		0E01C4BB19BE194300444B07 /* Build configuration list for PBXNativeTarget "MTGcards" */ = {
			isa = XCConfigurationList;
			buildConfigurations = (
				0E01C4BC19BE194300444B07 /* Debug */,
				0E01C4BD19BE194300444B07 /* Release */,
			);
			defaultConfigurationIsVisible = 0;
			defaultConfigurationName = Release;
		};
		0E01C4BE19BE194300444B07 /* Build configuration list for PBXNativeTarget "MTGcardsTests" */ = {
			isa = XCConfigurationList;
			buildConfigurations = (
				0E01C4BF19BE194300444B07 /* Debug */,
				0E01C4C019BE194300444B07 /* Release */,
			);
			defaultConfigurationIsVisible = 0;
			defaultConfigurationName = Release;
		};
/* End XCConfigurationList section */
	};
	rootObject = 0E01C48719BE194200444B07 /* Project object */;
}
